Microsoft Visual Studio Solution File, Format Version 12.00
# Visual Studio 14
VisualStudioVersion = 14.0.25123.0
MinimumVisualStudioVersion = 10.0.40219.1
Project("{2150E333-8FDC-42A3-9474-1A3956D46DE8}") = ".paket", ".paket", "{63297B98-5CED-492C-A5B7-A5B4F73CF142}"
	ProjectSection(SolutionItems) = preProject
		paket.dependencies = paket.dependencies
		paket.lock = paket.lock
	EndProjectSection
EndProject
Project("{F2A71F9B-5D33-465A-A702-920D77279786}") = "MBrace.AWS", "src\MBrace.AWS\MBrace.AWS.fsproj", "{C9BEFEC9-2A83-4C19-9420-658BA0077E0E}"
EndProject
Project("{2150E333-8FDC-42A3-9474-1A3956D46DE8}") = "project", "project", "{BF60BC93-E09B-4E5F-9D85-95A519479D54}"
	ProjectSection(SolutionItems) = preProject
		.travis.yml = .travis.yml
		appveyor.yml = appveyor.yml
		build.fsx = build.fsx
		README.md = README.md
		RELEASE_NOTES.md = RELEASE_NOTES.md
	EndProjectSection
EndProject
Project("{2150E333-8FDC-42A3-9474-1A3956D46DE8}") = "tests", "tests", "{ED8079DD-2B06-4030-9F0F-DC548F98E1C4}"
EndProject
Project("{F2A71F9B-5D33-465A-A702-920D77279786}") = "MBrace.AWS.Tests", "tests\MBrace.AWS.Tests\MBrace.AWS.Tests.fsproj", "{E7BBBE5E-616E-4F85-94CE-E912CB342E9F}"
EndProject
Project("{2150E333-8FDC-42A3-9474-1A3956D46DE8}") = "src", "src", "{87B587B4-3081-4DA2-8D56-D8827F5D571D}"
EndProject
Project("{F2A71F9B-5D33-465A-A702-920D77279786}") = "MBrace.AWS.StandaloneWorker", "src\MBrace.AWS.StandaloneWorker\MBrace.AWS.StandaloneWorker.fsproj", "{B36C97D0-928B-4CB0-9F70-79BA47F4C920}"
EndProject
Project("{2150E333-8FDC-42A3-9474-1A3956D46DE8}") = "resource", "resource", "{55EEE23E-3717-4AEA-AFD5-1E90EB9BC5DE}"
	ProjectSection(SolutionItems) = preProject
		resource\Mblue.res = resource\Mblue.res
		resource\Mgrey.res = resource\Mgrey.res
		resource\Morange.res = resource\Morange.res
	EndProjectSection
EndProject
Project("{FAE04EC0-301F-11D3-BF4B-00C04F79EFBC}") = "MBrace.AWS.WebWorker", "src\MBrace.AWS.WebWorker\MBrace.AWS.WebWorker.csproj", "{196A1319-020E-4CC7-80DF-34CA2EBA60E2}"
EndProject
Global
	GlobalSection(SolutionConfigurationPlatforms) = preSolution
		Debug|Any CPU = Debug|Any CPU
		Release|Any CPU = Release|Any CPU
	EndGlobalSection
	GlobalSection(ProjectConfigurationPlatforms) = postSolution
		{C9BEFEC9-2A83-4C19-9420-658BA0077E0E}.Debug|Any CPU.ActiveCfg = Debug|Any CPU
		{C9BEFEC9-2A83-4C19-9420-658BA0077E0E}.Debug|Any CPU.Build.0 = Debug|Any CPU
		{C9BEFEC9-2A83-4C19-9420-658BA0077E0E}.Release|Any CPU.ActiveCfg = Release|Any CPU
		{C9BEFEC9-2A83-4C19-9420-658BA0077E0E}.Release|Any CPU.Build.0 = Release|Any CPU
		{E7BBBE5E-616E-4F85-94CE-E912CB342E9F}.Debug|Any CPU.ActiveCfg = Debug|Any CPU
		{E7BBBE5E-616E-4F85-94CE-E912CB342E9F}.Debug|Any CPU.Build.0 = Debug|Any CPU
		{E7BBBE5E-616E-4F85-94CE-E912CB342E9F}.Release|Any CPU.ActiveCfg = Release|Any CPU
		{E7BBBE5E-616E-4F85-94CE-E912CB342E9F}.Release|Any CPU.Build.0 = Release|Any CPU
		{B36C97D0-928B-4CB0-9F70-79BA47F4C920}.Debug|Any CPU.ActiveCfg = Debug|Any CPU
		{B36C97D0-928B-4CB0-9F70-79BA47F4C920}.Debug|Any CPU.Build.0 = Debug|Any CPU
		{B36C97D0-928B-4CB0-9F70-79BA47F4C920}.Release|Any CPU.ActiveCfg = Release|Any CPU
		{B36C97D0-928B-4CB0-9F70-79BA47F4C920}.Release|Any CPU.Build.0 = Release|Any CPU
		{196A1319-020E-4CC7-80DF-34CA2EBA60E2}.Debug|Any CPU.ActiveCfg = Debug|Any CPU
		{196A1319-020E-4CC7-80DF-34CA2EBA60E2}.Debug|Any CPU.Build.0 = Debug|Any CPU
		{196A1319-020E-4CC7-80DF-34CA2EBA60E2}.Release|Any CPU.ActiveCfg = Release|Any CPU
		{196A1319-020E-4CC7-80DF-34CA2EBA60E2}.Release|Any CPU.Build.0 = Release|Any CPU
	EndGlobalSection
	GlobalSection(SolutionProperties) = preSolution
		HideSolutionNode = FALSE
	EndGlobalSection
	GlobalSection(NestedProjects) = preSolution
		{C9BEFEC9-2A83-4C19-9420-658BA0077E0E} = {87B587B4-3081-4DA2-8D56-D8827F5D571D}
		{E7BBBE5E-616E-4F85-94CE-E912CB342E9F} = {ED8079DD-2B06-4030-9F0F-DC548F98E1C4}
		{B36C97D0-928B-4CB0-9F70-79BA47F4C920} = {87B587B4-3081-4DA2-8D56-D8827F5D571D}
		{55EEE23E-3717-4AEA-AFD5-1E90EB9BC5DE} = {BF60BC93-E09B-4E5F-9D85-95A519479D54}
		{196A1319-020E-4CC7-80DF-34CA2EBA60E2} = {87B587B4-3081-4DA2-8D56-D8827F5D571D}
	EndGlobalSection
EndGlobal
